
Microsoft Visual Studio Solution File, Format Version 11.00
# Visual Studio 2010
Project("{FAE04EC0-301F-11D3-BF4B-00C04F79EFBC}") = "SilverlightMetroClock", "SilverlightMetroClock\SilverlightMetroClock.csproj", "{0BAC88C9-F6E3-42BB-83BA-86FA40FFD912}"
EndProject
Project("{FAE04EC0-301F-11D3-BF4B-00C04F79EFBC}") = "SilverlightMetroClock.Web", "SilverlightMetroClock.Web\SilverlightMetroClock.Web.csproj", "{991AB521-5E7D-4A7F-8EDA-A0DD4BE92AFD}"
EndProject
Global
	GlobalSection(SolutionConfigurationPlatforms) = preSolution
		Debug|Any CPU = Debug|Any CPU
		Release|Any CPU = Release|Any CPU
	EndGlobalSection
	GlobalSection(ProjectConfigurationPlatforms) = postSolution
		{0BAC88C9-F6E3-42BB-83BA-86FA40FFD912}.Debug|Any CPU.ActiveCfg = Debug|Any CPU
		{0BAC88C9-F6E3-42BB-83BA-86FA40FFD912}.Debug|Any CPU.Build.0 = Debug|Any CPU
		{0BAC88C9-F6E3-42BB-83BA-86FA40FFD912}.Release|Any CPU.ActiveCfg = Release|Any CPU
		{0BAC88C9-F6E3-42BB-83BA-86FA40FFD912}.Release|Any CPU.Build.0 = Release|Any CPU
		{991AB521-5E7D-4A7F-8EDA-A0DD4BE92AFD}.Debug|Any CPU.ActiveCfg = Debug|Any CPU
		{991AB521-5E7D-4A7F-8EDA-A0DD4BE92AFD}.Debug|Any CPU.Build.0 = Debug|Any CPU
		{991AB521-5E7D-4A7F-8EDA-A0DD4BE92AFD}.Release|Any CPU.ActiveCfg = Release|Any CPU
		{991AB521-5E7D-4A7F-8EDA-A0DD4BE92AFD}.Release|Any CPU.Build.0 = Release|Any CPU
	EndGlobalSection
	GlobalSection(SolutionProperties) = preSolution
		HideSolutionNode = FALSE
	EndGlobalSection
EndGlobal
